
Microsoft Visual Studio Solution File, Format Version 12.00
# Visual Studio Version 16
VisualStudioVersion = 16.0.30011.22
MinimumVisualStudioVersion = 10.0.40219.1
Project("{2150E333-8FDC-42A3-9474-1A3956D46DE8}") = "Server", "Server", "{A627B454-E3AD-40FE-A171-03D5271C7C13}"
EndProject
Project("{2150E333-8FDC-42A3-9474-1A3956D46DE8}") = "Clients", "Clients", "{D0F6CC98-641D-4869-86F7-926A1D6CBF83}"
EndProject
Project("{2150E333-8FDC-42A3-9474-1A3956D46DE8}") = "Common", "Common", "{E2495CD8-FD4C-4A20-AAC3-B29260B9C97B}"
EndProject
Project("{2150E333-8FDC-42A3-9474-1A3956D46DE8}") = "Tests", "Tests", "{66B2E9E9-3204-49B9-A4B0-751C62E68129}"
EndProject
Project("{FAE04EC0-301F-11D3-BF4B-00C04F79EFBC}") = "CD.DLS.Clients.Controls", "CD.Framework.Clients.Controls\CD.DLS.Clients.Controls.csproj", "{6583D9B9-FD00-4685-9505-075BF010D2F9}"
EndProject
Project("{00D1A9C2-B5F0-4AF3-8072-F6C62B433612}") = "CD.DLS.DB", "CD.Framework.DB\CD.DLS.DB.sqlproj", "{3797C34F-388A-4454-A56C-EAD0C00166B9}"
EndProject
Project("{FAE04EC0-301F-11D3-BF4B-00C04F79EFBC}") = "CD.DLS.Common", "CD.Framework.Common\CD.DLS.Common.csproj", "{F058EBC7-F452-4E36-9C75-14FEE97643AF}"
EndProject
Project("{FAE04EC0-301F-11D3-BF4B-00C04F79EFBC}") = "CD.DLS.Manager", "CD.Framework.Manager\CD.DLS.Manager.csproj", "{8EF23D01-2FE2-407E-862A-EAB3F0163A9C}"
EndProject
Project("{FAE04EC0-301F-11D3-BF4B-00C04F79EFBC}") = "CD.DLS.Model.Mssql", "CD.Bidoc.Core.Model.Mssql\CD.DLS.Model.Mssql.csproj", "{2631F384-A3C2-4A93-B89E-D1DF45E806D2}"
EndProject
Project("{FAE04EC0-301F-11D3-BF4B-00C04F79EFBC}") = "CD.DLS.Parse.Mssql", "CD.BIDoc.Core.Parse.Mssql\CD.DLS.Parse.Mssql.csproj", "{31A079A7-5ABA-406A-8D9D-1960F366358B}"
EndProject
Project("{2150E333-8FDC-42A3-9474-1A3956D46DE8}") = "External", "External", "{7206AB4C-71B7-4B98-B11A-A5D1E254989C}"
EndProject
Project("{FAE04EC0-301F-11D3-BF4B-00C04F79EFBC}") = "Irony", "Irony\Irony.csproj", "{D81F5C91-D7DB-46E5-BC99-49488FB6814C}"
EndProject
Project("{FAE04EC0-301F-11D3-BF4B-00C04F79EFBC}") = "CD.DLS.API", "CD.Framework.BIDocApi\CD.DLS.API.csproj", "{234E7813-512E-4BEE-9AE3-D496FBFDBDFC}"
EndProject
Project("{FAE04EC0-301F-11D3-BF4B-00C04F79EFBC}") = "CD.DLS.ClientConfiguration", "CD.Framework.Configuration\CD.DLS.ClientConfiguration.csproj", "{E0BC327D-F30B-4435-BD59-855458DD2ACF}"
EndProject
Project("{FAE04EC0-301F-11D3-BF4B-00C04F79EFBC}") = "CD.DLS.ExcelAddin16", "CD.Framework.ExcelAddin16\CD.DLS.ExcelAddin16.csproj", "{76BBF526-5C18-42F5-810C-9E9BD81EC64E}"
EndProject
Project("{FAE04EC0-301F-11D3-BF4B-00C04F79EFBC}") = "CD.DLS.Extract", "CD.BIDoc.Core.Extract.Mssql\CD.DLS.Extract.csproj", "{F8ED608D-896F-44AF-A143-70F3E1E63CC6}"
EndProject
Project("{FAE04EC0-301F-11D3-BF4B-00C04F79EFBC}") = "CD.DLS.DAL", "CD.DLS.DAL\CD.DLS.DAL.csproj", "{2198F00A-7561-4950-AD48-4727F89F3C9A}"
EndProject
Project("{FAE04EC0-301F-11D3-BF4B-00C04F79EFBC}") = "CD.DLS.Tests", "CD.DLS.Tests\CD.DLS.Tests.csproj", "{57CE7FB6-C60E-4BC2-B46D-025545F8EB00}"
EndProject
Project("{FAE04EC0-301F-11D3-BF4B-00C04F79EFBC}") = "CD.DLS.Upload", "CD.DLS.Upload\CD.DLS.Upload.csproj", "{22F66C78-6203-4535-850D-C43C37D0E8B9}"
EndProject
Project("{9A19103F-16F7-4668-BE54-9A1E7A4F7556}") = "CD.DLS.AzureFunctionService", "CD.DLS.AzureFunctionService\CD.DLS.AzureFunctionService.csproj", "{251C7303-FEC1-490C-98C8-848CB0BA165D}"
EndProject
Project("{FAE04EC0-301F-11D3-BF4B-00C04F79EFBC}") = "CD.DLS.RequestProcessor", "CD.DLS.RequestProcessor\CD.DLS.RequestProcessor.csproj", "{3AC90AD8-4FA5-4CDD-B32C-CEF08E0E48E6}"
EndProject
Project("{FAE04EC0-301F-11D3-BF4B-00C04F79EFBC}") = "CD.DLS.Clients.Web", "CD.DLS.Clients.Web\CD.DLS.Clients.Web.csproj", "{7B0B8F8D-81DA-4A66-9A1F-0714D24E5B8F}"
EndProject
Project("{FAE04EC0-301F-11D3-BF4B-00C04F79EFBC}") = "CD.DLS.ExcelAddinO365", "CD.DLS.ExcelAddinO365\CD.DLS.ExcelAddinO365.csproj", "{EE131E02-BE4F-4640-835C-FF5786885B1F}"
EndProject
Project("{FAE04EC0-301F-11D3-BF4B-00C04F79EFBC}") = "Datawut.Service", "CD.DLS.Service\Datawut.Service.csproj", "{635434D7-7597-4E87-A75F-F1ED5591AD4E}"
EndProject
Project("{FAE04EC0-301F-11D3-BF4B-00C04F79EFBC}") = "CD.DLS.TestConsole", "CD.DLS.TestConsole\CD.DLS.TestConsole.csproj", "{1014719B-BD68-48DD-8946-A28008E6B134}"
EndProject
Project("{2150E333-8FDC-42A3-9474-1A3956D46DE8}") = "Setup", "Setup", "{2953A260-D103-4A74-9355-6310EE294337}"
EndProject
Project("{54435603-DBB4-11D2-8724-00A0C9A8B90C}") = "Datawut.Setup", "Datawut.Setup\Datawut.Setup.vdproj", "{95FC4540-E53F-4D31-A084-D4D2DAEF1C52}"
EndProject
Global
	GlobalSection(SolutionConfigurationPlatforms) = preSolution
		Debug|Any CPU = Debug|Any CPU
		Debug|x64 = Debug|x64
		Debug64|Any CPU = Debug64|Any CPU
		Debug64|x64 = Debug64|x64
		Release|Any CPU = Release|Any CPU
		Release|x64 = Release|x64
	EndGlobalSection
	GlobalSection(ProjectConfigurationPlatforms) = postSolution
		{6583D9B9-FD00-4685-9505-075BF010D2F9}.Debug|Any CPU.ActiveCfg = Debug|Any CPU
		{6583D9B9-FD00-4685-9505-075BF010D2F9}.Debug|Any CPU.Build.0 = Debug|Any CPU
		{6583D9B9-FD00-4685-9505-075BF010D2F9}.Debug|x64.ActiveCfg = Debug|Any CPU
		{6583D9B9-FD00-4685-9505-075BF010D2F9}.Debug|x64.Build.0 = Debug|Any CPU
		{6583D9B9-FD00-4685-9505-075BF010D2F9}.Debug64|Any CPU.ActiveCfg = Debug|Any CPU
		{6583D9B9-FD00-4685-9505-075BF010D2F9}.Debug64|Any CPU.Build.0 = Debug|Any CPU
		{6583D9B9-FD00-4685-9505-075BF010D2F9}.Debug64|x64.ActiveCfg = Debug|Any CPU
		{6583D9B9-FD00-4685-9505-075BF010D2F9}.Debug64|x64.Build.0 = Debug|Any CPU
		{6583D9B9-FD00-4685-9505-075BF010D2F9}.Release|Any CPU.ActiveCfg = Release|Any CPU
		{6583D9B9-FD00-4685-9505-075BF010D2F9}.Release|Any CPU.Build.0 = Release|Any CPU
		{6583D9B9-FD00-4685-9505-075BF010D2F9}.Release|x64.ActiveCfg = Release|Any CPU
		{6583D9B9-FD00-4685-9505-075BF010D2F9}.Release|x64.Build.0 = Release|Any CPU
		{3797C34F-388A-4454-A56C-EAD0C00166B9}.Debug|Any CPU.ActiveCfg = Debug|Any CPU
		{3797C34F-388A-4454-A56C-EAD0C00166B9}.Debug|Any CPU.Build.0 = Debug|Any CPU
		{3797C34F-388A-4454-A56C-EAD0C00166B9}.Debug|x64.ActiveCfg = Debug|Any CPU
		{3797C34F-388A-4454-A56C-EAD0C00166B9}.Debug|x64.Build.0 = Debug|Any CPU
		{3797C34F-388A-4454-A56C-EAD0C00166B9}.Debug64|Any CPU.ActiveCfg = Debug64|Any CPU
		{3797C34F-388A-4454-A56C-EAD0C00166B9}.Debug64|Any CPU.Build.0 = Debug64|Any CPU
		{3797C34F-388A-4454-A56C-EAD0C00166B9}.Debug64|Any CPU.Deploy.0 = Debug64|Any CPU
		{3797C34F-388A-4454-A56C-EAD0C00166B9}.Debug64|x64.ActiveCfg = Debug64|Any CPU
		{3797C34F-388A-4454-A56C-EAD0C00166B9}.Debug64|x64.Build.0 = Debug64|Any CPU
		{3797C34F-388A-4454-A56C-EAD0C00166B9}.Debug64|x64.Deploy.0 = Debug64|Any CPU
		{3797C34F-388A-4454-A56C-EAD0C00166B9}.Release|Any CPU.ActiveCfg = Release|Any CPU
		{3797C34F-388A-4454-A56C-EAD0C00166B9}.Release|Any CPU.Build.0 = Release|Any CPU
		{3797C34F-388A-4454-A56C-EAD0C00166B9}.Release|Any CPU.Deploy.0 = Release|Any CPU
		{3797C34F-388A-4454-A56C-EAD0C00166B9}.Release|x64.ActiveCfg = Release|Any CPU
		{3797C34F-388A-4454-A56C-EAD0C00166B9}.Release|x64.Build.0 = Release|Any CPU
		{3797C34F-388A-4454-A56C-EAD0C00166B9}.Release|x64.Deploy.0 = Release|Any CPU
		{F058EBC7-F452-4E36-9C75-14FEE97643AF}.Debug|Any CPU.ActiveCfg = Debug|Any CPU
		{F058EBC7-F452-4E36-9C75-14FEE97643AF}.Debug|Any CPU.Build.0 = Debug|Any CPU
		{F058EBC7-F452-4E36-9C75-14FEE97643AF}.Debug|x64.ActiveCfg = Debug|Any CPU
		{F058EBC7-F452-4E36-9C75-14FEE97643AF}.Debug|x64.Build.0 = Debug|Any CPU
		{F058EBC7-F452-4E36-9C75-14FEE97643AF}.Debug64|Any CPU.ActiveCfg = Debug64|Any CPU
		{F058EBC7-F452-4E36-9C75-14FEE97643AF}.Debug64|Any CPU.Build.0 = Debug64|Any CPU
		{F058EBC7-F452-4E36-9C75-14FEE97643AF}.Debug64|x64.ActiveCfg = Debug64|Any CPU
		{F058EBC7-F452-4E36-9C75-14FEE97643AF}.Debug64|x64.Build.0 = Debug64|Any CPU
		{F058EBC7-F452-4E36-9C75-14FEE97643AF}.Release|Any CPU.ActiveCfg = Release|Any CPU
		{F058EBC7-F452-4E36-9C75-14FEE97643AF}.Release|Any CPU.Build.0 = Release|Any CPU
		{F058EBC7-F452-4E36-9C75-14FEE97643AF}.Release|x64.ActiveCfg = Release|Any CPU
		{F058EBC7-F452-4E36-9C75-14FEE97643AF}.Release|x64.Build.0 = Release|Any CPU
		{8EF23D01-2FE2-407E-862A-EAB3F0163A9C}.Debug|Any CPU.ActiveCfg = Debug|Any CPU
		{8EF23D01-2FE2-407E-862A-EAB3F0163A9C}.Debug|Any CPU.Build.0 = Debug|Any CPU
		{8EF23D01-2FE2-407E-862A-EAB3F0163A9C}.Debug|x64.ActiveCfg = Debug|Any CPU
		{8EF23D01-2FE2-407E-862A-EAB3F0163A9C}.Debug|x64.Build.0 = Debug|Any CPU
		{8EF23D01-2FE2-407E-862A-EAB3F0163A9C}.Debug64|Any CPU.ActiveCfg = Debug|Any CPU
		{8EF23D01-2FE2-407E-862A-EAB3F0163A9C}.Debug64|Any CPU.Build.0 = Debug|Any CPU
		{8EF23D01-2FE2-407E-862A-EAB3F0163A9C}.Debug64|x64.ActiveCfg = Debug|Any CPU
		{8EF23D01-2FE2-407E-862A-EAB3F0163A9C}.Debug64|x64.Build.0 = Debug|Any CPU
		{8EF23D01-2FE2-407E-862A-EAB3F0163A9C}.Release|Any CPU.ActiveCfg = Release|Any CPU
		{8EF23D01-2FE2-407E-862A-EAB3F0163A9C}.Release|Any CPU.Build.0 = Release|Any CPU
		{8EF23D01-2FE2-407E-862A-EAB3F0163A9C}.Release|x64.ActiveCfg = Release|Any CPU
		{8EF23D01-2FE2-407E-862A-EAB3F0163A9C}.Release|x64.Build.0 = Release|Any CPU
		{2631F384-A3C2-4A93-B89E-D1DF45E806D2}.Debug|Any CPU.ActiveCfg = Debug|Any CPU
		{2631F384-A3C2-4A93-B89E-D1DF45E806D2}.Debug|Any CPU.Build.0 = Debug|Any CPU
		{2631F384-A3C2-4A93-B89E-D1DF45E806D2}.Debug|x64.ActiveCfg = Debug|Any CPU
		{2631F384-A3C2-4A93-B89E-D1DF45E806D2}.Debug|x64.Build.0 = Debug|Any CPU
		{2631F384-A3C2-4A93-B89E-D1DF45E806D2}.Debug64|Any CPU.ActiveCfg = Debug64|Any CPU
		{2631F384-A3C2-4A93-B89E-D1DF45E806D2}.Debug64|Any CPU.Build.0 = Debug64|Any CPU
		{2631F384-A3C2-4A93-B89E-D1DF45E806D2}.Debug64|x64.ActiveCfg = Debug64|Any CPU
		{2631F384-A3C2-4A93-B89E-D1DF45E806D2}.Debug64|x64.Build.0 = Debug64|Any CPU
		{2631F384-A3C2-4A93-B89E-D1DF45E806D2}.Release|Any CPU.ActiveCfg = Release|Any CPU
		{2631F384-A3C2-4A93-B89E-D1DF45E806D2}.Release|Any CPU.Build.0 = Release|Any CPU
		{2631F384-A3C2-4A93-B89E-D1DF45E806D2}.Release|x64.ActiveCfg = Release|Any CPU
		{2631F384-A3C2-4A93-B89E-D1DF45E806D2}.Release|x64.Build.0 = Release|Any CPU
		{31A079A7-5ABA-406A-8D9D-1960F366358B}.Debug|Any CPU.ActiveCfg = Debug|Any CPU
		{31A079A7-5ABA-406A-8D9D-1960F366358B}.Debug|Any CPU.Build.0 = Debug|Any CPU
		{31A079A7-5ABA-406A-8D9D-1960F366358B}.Debug|x64.ActiveCfg = Debug|Any CPU
		{31A079A7-5ABA-406A-8D9D-1960F366358B}.Debug|x64.Build.0 = Debug|Any CPU
		{31A079A7-5ABA-406A-8D9D-1960F366358B}.Debug64|Any CPU.ActiveCfg = Debug64|Any CPU
		{31A079A7-5ABA-406A-8D9D-1960F366358B}.Debug64|Any CPU.Build.0 = Debug64|Any CPU
		{31A079A7-5ABA-406A-8D9D-1960F366358B}.Debug64|x64.ActiveCfg = Debug64|Any CPU
		{31A079A7-5ABA-406A-8D9D-1960F366358B}.Debug64|x64.Build.0 = Debug64|Any CPU
		{31A079A7-5ABA-406A-8D9D-1960F366358B}.Release|Any CPU.ActiveCfg = Release|Any CPU
		{31A079A7-5ABA-406A-8D9D-1960F366358B}.Release|Any CPU.Build.0 = Release|Any CPU
		{31A079A7-5ABA-406A-8D9D-1960F366358B}.Release|x64.ActiveCfg = Release|Any CPU
		{31A079A7-5ABA-406A-8D9D-1960F366358B}.Release|x64.Build.0 = Release|Any CPU
		{D81F5C91-D7DB-46E5-BC99-49488FB6814C}.Debug|Any CPU.ActiveCfg = Debug|Any CPU
		{D81F5C91-D7DB-46E5-BC99-49488FB6814C}.Debug|Any CPU.Build.0 = Debug|Any CPU
		{D81F5C91-D7DB-46E5-BC99-49488FB6814C}.Debug|x64.ActiveCfg = Debug|Any CPU
		{D81F5C91-D7DB-46E5-BC99-49488FB6814C}.Debug|x64.Build.0 = Debug|Any CPU
		{D81F5C91-D7DB-46E5-BC99-49488FB6814C}.Debug64|Any CPU.ActiveCfg = Debug64|Any CPU
		{D81F5C91-D7DB-46E5-BC99-49488FB6814C}.Debug64|Any CPU.Build.0 = Debug64|Any CPU
		{D81F5C91-D7DB-46E5-BC99-49488FB6814C}.Debug64|x64.ActiveCfg = Debug64|Any CPU
		{D81F5C91-D7DB-46E5-BC99-49488FB6814C}.Debug64|x64.Build.0 = Debug64|Any CPU
		{D81F5C91-D7DB-46E5-BC99-49488FB6814C}.Release|Any CPU.ActiveCfg = Release|Any CPU
		{D81F5C91-D7DB-46E5-BC99-49488FB6814C}.Release|Any CPU.Build.0 = Release|Any CPU
		{D81F5C91-D7DB-46E5-BC99-49488FB6814C}.Release|x64.ActiveCfg = Release|Any CPU
		{D81F5C91-D7DB-46E5-BC99-49488FB6814C}.Release|x64.Build.0 = Release|Any CPU
		{234E7813-512E-4BEE-9AE3-D496FBFDBDFC}.Debug|Any CPU.ActiveCfg = Debug|Any CPU
		{234E7813-512E-4BEE-9AE3-D496FBFDBDFC}.Debug|Any CPU.Build.0 = Debug|Any CPU
		{234E7813-512E-4BEE-9AE3-D496FBFDBDFC}.Debug|x64.ActiveCfg = Debug|Any CPU
		{234E7813-512E-4BEE-9AE3-D496FBFDBDFC}.Debug|x64.Build.0 = Debug|Any CPU
		{234E7813-512E-4BEE-9AE3-D496FBFDBDFC}.Debug64|Any CPU.ActiveCfg = Debug64|Any CPU
		{234E7813-512E-4BEE-9AE3-D496FBFDBDFC}.Debug64|Any CPU.Build.0 = Debug64|Any CPU
		{234E7813-512E-4BEE-9AE3-D496FBFDBDFC}.Debug64|x64.ActiveCfg = Debug64|Any CPU
		{234E7813-512E-4BEE-9AE3-D496FBFDBDFC}.Debug64|x64.Build.0 = Debug64|Any CPU
		{234E7813-512E-4BEE-9AE3-D496FBFDBDFC}.Release|Any CPU.ActiveCfg = Release|Any CPU
		{234E7813-512E-4BEE-9AE3-D496FBFDBDFC}.Release|Any CPU.Build.0 = Release|Any CPU
		{234E7813-512E-4BEE-9AE3-D496FBFDBDFC}.Release|x64.ActiveCfg = Release|Any CPU
		{234E7813-512E-4BEE-9AE3-D496FBFDBDFC}.Release|x64.Build.0 = Release|Any CPU
		{E0BC327D-F30B-4435-BD59-855458DD2ACF}.Debug|Any CPU.ActiveCfg = Debug|Any CPU
		{E0BC327D-F30B-4435-BD59-855458DD2ACF}.Debug|Any CPU.Build.0 = Debug|Any CPU
		{E0BC327D-F30B-4435-BD59-855458DD2ACF}.Debug|x64.ActiveCfg = Debug|Any CPU
		{E0BC327D-F30B-4435-BD59-855458DD2ACF}.Debug|x64.Build.0 = Debug|Any CPU
		{E0BC327D-F30B-4435-BD59-855458DD2ACF}.Debug64|Any CPU.ActiveCfg = Debug|Any CPU
		{E0BC327D-F30B-4435-BD59-855458DD2ACF}.Debug64|Any CPU.Build.0 = Debug|Any CPU
		{E0BC327D-F30B-4435-BD59-855458DD2ACF}.Debug64|x64.ActiveCfg = Debug|Any CPU
		{E0BC327D-F30B-4435-BD59-855458DD2ACF}.Debug64|x64.Build.0 = Debug|Any CPU
		{E0BC327D-F30B-4435-BD59-855458DD2ACF}.Release|Any CPU.ActiveCfg = Release|Any CPU
		{E0BC327D-F30B-4435-BD59-855458DD2ACF}.Release|Any CPU.Build.0 = Release|Any CPU
		{E0BC327D-F30B-4435-BD59-855458DD2ACF}.Release|x64.ActiveCfg = Release|Any CPU
		{E0BC327D-F30B-4435-BD59-855458DD2ACF}.Release|x64.Build.0 = Release|Any CPU
		{76BBF526-5C18-42F5-810C-9E9BD81EC64E}.Debug|Any CPU.ActiveCfg = Debug|Any CPU
		{76BBF526-5C18-42F5-810C-9E9BD81EC64E}.Debug|Any CPU.Build.0 = Debug|Any CPU
		{76BBF526-5C18-42F5-810C-9E9BD81EC64E}.Debug|x64.ActiveCfg = Debug|Any CPU
		{76BBF526-5C18-42F5-810C-9E9BD81EC64E}.Debug|x64.Build.0 = Debug|Any CPU
		{76BBF526-5C18-42F5-810C-9E9BD81EC64E}.Debug64|Any CPU.ActiveCfg = Debug|Any CPU
		{76BBF526-5C18-42F5-810C-9E9BD81EC64E}.Debug64|Any CPU.Build.0 = Debug|Any CPU
		{76BBF526-5C18-42F5-810C-9E9BD81EC64E}.Debug64|x64.ActiveCfg = Debug|Any CPU
		{76BBF526-5C18-42F5-810C-9E9BD81EC64E}.Debug64|x64.Build.0 = Debug|Any CPU
		{76BBF526-5C18-42F5-810C-9E9BD81EC64E}.Release|Any CPU.ActiveCfg = Release|Any CPU
		{76BBF526-5C18-42F5-810C-9E9BD81EC64E}.Release|Any CPU.Build.0 = Release|Any CPU
		{76BBF526-5C18-42F5-810C-9E9BD81EC64E}.Release|x64.ActiveCfg = Release|Any CPU
		{76BBF526-5C18-42F5-810C-9E9BD81EC64E}.Release|x64.Build.0 = Release|Any CPU
		{F8ED608D-896F-44AF-A143-70F3E1E63CC6}.Debug|Any CPU.ActiveCfg = Debug|Any CPU
		{F8ED608D-896F-44AF-A143-70F3E1E63CC6}.Debug|Any CPU.Build.0 = Debug|Any CPU
		{F8ED608D-896F-44AF-A143-70F3E1E63CC6}.Debug|x64.ActiveCfg = Debug|Any CPU
		{F8ED608D-896F-44AF-A143-70F3E1E63CC6}.Debug|x64.Build.0 = Debug|Any CPU
		{F8ED608D-896F-44AF-A143-70F3E1E63CC6}.Debug64|Any CPU.ActiveCfg = Debug|Any CPU
		{F8ED608D-896F-44AF-A143-70F3E1E63CC6}.Debug64|Any CPU.Build.0 = Debug|Any CPU
		{F8ED608D-896F-44AF-A143-70F3E1E63CC6}.Debug64|x64.ActiveCfg = Debug|Any CPU
		{F8ED608D-896F-44AF-A143-70F3E1E63CC6}.Debug64|x64.Build.0 = Debug|Any CPU
		{F8ED608D-896F-44AF-A143-70F3E1E63CC6}.Release|Any CPU.ActiveCfg = Release|Any CPU
		{F8ED608D-896F-44AF-A143-70F3E1E63CC6}.Release|Any CPU.Build.0 = Release|Any CPU
		{F8ED608D-896F-44AF-A143-70F3E1E63CC6}.Release|x64.ActiveCfg = Release|Any CPU
		{F8ED608D-896F-44AF-A143-70F3E1E63CC6}.Release|x64.Build.0 = Release|Any CPU
		{2198F00A-7561-4950-AD48-4727F89F3C9A}.Debug|Any CPU.ActiveCfg = Debug|Any CPU
		{2198F00A-7561-4950-AD48-4727F89F3C9A}.Debug|Any CPU.Build.0 = Debug|Any CPU
		{2198F00A-7561-4950-AD48-4727F89F3C9A}.Debug|x64.ActiveCfg = Debug|Any CPU
		{2198F00A-7561-4950-AD48-4727F89F3C9A}.Debug|x64.Build.0 = Debug|Any CPU
		{2198F00A-7561-4950-AD48-4727F89F3C9A}.Debug64|Any CPU.ActiveCfg = Debug|Any CPU
		{2198F00A-7561-4950-AD48-4727F89F3C9A}.Debug64|Any CPU.Build.0 = Debug|Any CPU
		{2198F00A-7561-4950-AD48-4727F89F3C9A}.Debug64|x64.ActiveCfg = Debug|Any CPU
		{2198F00A-7561-4950-AD48-4727F89F3C9A}.Debug64|x64.Build.0 = Debug|Any CPU
		{2198F00A-7561-4950-AD48-4727F89F3C9A}.Release|Any CPU.ActiveCfg = Release|Any CPU
		{2198F00A-7561-4950-AD48-4727F89F3C9A}.Release|Any CPU.Build.0 = Release|Any CPU
		{2198F00A-7561-4950-AD48-4727F89F3C9A}.Release|x64.ActiveCfg = Release|Any CPU
		{2198F00A-7561-4950-AD48-4727F89F3C9A}.Release|x64.Build.0 = Release|Any CPU
		{57CE7FB6-C60E-4BC2-B46D-025545F8EB00}.Debug|Any CPU.ActiveCfg = Debug|Any CPU
		{57CE7FB6-C60E-4BC2-B46D-025545F8EB00}.Debug|Any CPU.Build.0 = Debug|Any CPU
		{57CE7FB6-C60E-4BC2-B46D-025545F8EB00}.Debug|x64.ActiveCfg = Debug|Any CPU
		{57CE7FB6-C60E-4BC2-B46D-025545F8EB00}.Debug|x64.Build.0 = Debug|Any CPU
		{57CE7FB6-C60E-4BC2-B46D-025545F8EB00}.Debug64|Any CPU.ActiveCfg = Debug|Any CPU
		{57CE7FB6-C60E-4BC2-B46D-025545F8EB00}.Debug64|Any CPU.Build.0 = Debug|Any CPU
		{57CE7FB6-C60E-4BC2-B46D-025545F8EB00}.Debug64|x64.ActiveCfg = Debug|Any CPU
		{57CE7FB6-C60E-4BC2-B46D-025545F8EB00}.Debug64|x64.Build.0 = Debug|Any CPU
		{57CE7FB6-C60E-4BC2-B46D-025545F8EB00}.Release|Any CPU.ActiveCfg = Release|Any CPU
		{57CE7FB6-C60E-4BC2-B46D-025545F8EB00}.Release|Any CPU.Build.0 = Release|Any CPU
		{57CE7FB6-C60E-4BC2-B46D-025545F8EB00}.Release|x64.ActiveCfg = Release|Any CPU
		{57CE7FB6-C60E-4BC2-B46D-025545F8EB00}.Release|x64.Build.0 = Release|Any CPU
		{22F66C78-6203-4535-850D-C43C37D0E8B9}.Debug|Any CPU.ActiveCfg = Debug|Any CPU
		{22F66C78-6203-4535-850D-C43C37D0E8B9}.Debug|Any CPU.Build.0 = Debug|Any CPU
		{22F66C78-6203-4535-850D-C43C37D0E8B9}.Debug|x64.ActiveCfg = Debug|Any CPU
		{22F66C78-6203-4535-850D-C43C37D0E8B9}.Debug|x64.Build.0 = Debug|Any CPU
		{22F66C78-6203-4535-850D-C43C37D0E8B9}.Debug64|Any CPU.ActiveCfg = Debug|Any CPU
		{22F66C78-6203-4535-850D-C43C37D0E8B9}.Debug64|Any CPU.Build.0 = Debug|Any CPU
		{22F66C78-6203-4535-850D-C43C37D0E8B9}.Debug64|x64.ActiveCfg = Debug|Any CPU
		{22F66C78-6203-4535-850D-C43C37D0E8B9}.Debug64|x64.Build.0 = Debug|Any CPU
		{22F66C78-6203-4535-850D-C43C37D0E8B9}.Release|Any CPU.ActiveCfg = Release|Any CPU
		{22F66C78-6203-4535-850D-C43C37D0E8B9}.Release|Any CPU.Build.0 = Release|Any CPU
		{22F66C78-6203-4535-850D-C43C37D0E8B9}.Release|x64.ActiveCfg = Release|Any CPU
		{22F66C78-6203-4535-850D-C43C37D0E8B9}.Release|x64.Build.0 = Release|Any CPU
		{251C7303-FEC1-490C-98C8-848CB0BA165D}.Debug|Any CPU.ActiveCfg = Debug|Any CPU
		{251C7303-FEC1-490C-98C8-848CB0BA165D}.Debug|Any CPU.Build.0 = Debug|Any CPU
		{251C7303-FEC1-490C-98C8-848CB0BA165D}.Debug|x64.ActiveCfg = Debug|Any CPU
		{251C7303-FEC1-490C-98C8-848CB0BA165D}.Debug|x64.Build.0 = Debug|Any CPU
		{251C7303-FEC1-490C-98C8-848CB0BA165D}.Debug64|Any CPU.ActiveCfg = Debug|Any CPU
		{251C7303-FEC1-490C-98C8-848CB0BA165D}.Debug64|Any CPU.Build.0 = Debug|Any CPU
		{251C7303-FEC1-490C-98C8-848CB0BA165D}.Debug64|x64.ActiveCfg = Debug|Any CPU
		{251C7303-FEC1-490C-98C8-848CB0BA165D}.Debug64|x64.Build.0 = Debug|Any CPU
		{251C7303-FEC1-490C-98C8-848CB0BA165D}.Release|Any CPU.ActiveCfg = Release|Any CPU
		{251C7303-FEC1-490C-98C8-848CB0BA165D}.Release|Any CPU.Build.0 = Release|Any CPU
		{251C7303-FEC1-490C-98C8-848CB0BA165D}.Release|x64.ActiveCfg = Release|Any CPU
		{251C7303-FEC1-490C-98C8-848CB0BA165D}.Release|x64.Build.0 = Release|Any CPU
		{3AC90AD8-4FA5-4CDD-B32C-CEF08E0E48E6}.Debug|Any CPU.ActiveCfg = Debug|Any CPU
		{3AC90AD8-4FA5-4CDD-B32C-CEF08E0E48E6}.Debug|Any CPU.Build.0 = Debug|Any CPU
		{3AC90AD8-4FA5-4CDD-B32C-CEF08E0E48E6}.Debug|x64.ActiveCfg = Debug|Any CPU
		{3AC90AD8-4FA5-4CDD-B32C-CEF08E0E48E6}.Debug|x64.Build.0 = Debug|Any CPU
		{3AC90AD8-4FA5-4CDD-B32C-CEF08E0E48E6}.Debug64|Any CPU.ActiveCfg = Debug|Any CPU
		{3AC90AD8-4FA5-4CDD-B32C-CEF08E0E48E6}.Debug64|Any CPU.Build.0 = Debug|Any CPU
		{3AC90AD8-4FA5-4CDD-B32C-CEF08E0E48E6}.Debug64|x64.ActiveCfg = Debug|Any CPU
		{3AC90AD8-4FA5-4CDD-B32C-CEF08E0E48E6}.Debug64|x64.Build.0 = Debug|Any CPU
		{3AC90AD8-4FA5-4CDD-B32C-CEF08E0E48E6}.Release|Any CPU.ActiveCfg = Release|Any CPU
		{3AC90AD8-4FA5-4CDD-B32C-CEF08E0E48E6}.Release|Any CPU.Build.0 = Release|Any CPU
		{3AC90AD8-4FA5-4CDD-B32C-CEF08E0E48E6}.Release|x64.ActiveCfg = Release|Any CPU
		{3AC90AD8-4FA5-4CDD-B32C-CEF08E0E48E6}.Release|x64.Build.0 = Release|Any CPU
		{7B0B8F8D-81DA-4A66-9A1F-0714D24E5B8F}.Debug|Any CPU.ActiveCfg = Debug|Any CPU
		{7B0B8F8D-81DA-4A66-9A1F-0714D24E5B8F}.Debug|Any CPU.Build.0 = Debug|Any CPU
		{7B0B8F8D-81DA-4A66-9A1F-0714D24E5B8F}.Debug|x64.ActiveCfg = Debug|Any CPU
		{7B0B8F8D-81DA-4A66-9A1F-0714D24E5B8F}.Debug64|Any CPU.ActiveCfg = Debug|Any CPU
		{7B0B8F8D-81DA-4A66-9A1F-0714D24E5B8F}.Debug64|Any CPU.Build.0 = Debug|Any CPU
		{7B0B8F8D-81DA-4A66-9A1F-0714D24E5B8F}.Debug64|x64.ActiveCfg = Debug|Any CPU
		{7B0B8F8D-81DA-4A66-9A1F-0714D24E5B8F}.Debug64|x64.Build.0 = Debug|Any CPU
		{7B0B8F8D-81DA-4A66-9A1F-0714D24E5B8F}.Release|Any CPU.ActiveCfg = Release|Any CPU
		{7B0B8F8D-81DA-4A66-9A1F-0714D24E5B8F}.Release|Any CPU.Build.0 = Release|Any CPU
		{7B0B8F8D-81DA-4A66-9A1F-0714D24E5B8F}.Release|x64.ActiveCfg = Release|Any CPU
		{7B0B8F8D-81DA-4A66-9A1F-0714D24E5B8F}.Release|x64.Build.0 = Release|Any CPU
		{EE131E02-BE4F-4640-835C-FF5786885B1F}.Debug|Any CPU.ActiveCfg = Debug|Any CPU
		{EE131E02-BE4F-4640-835C-FF5786885B1F}.Debug|Any CPU.Build.0 = Debug|Any CPU
		{EE131E02-BE4F-4640-835C-FF5786885B1F}.Debug|Any CPU.Deploy.0 = Debug|Any CPU
		{EE131E02-BE4F-4640-835C-FF5786885B1F}.Debug|x64.ActiveCfg = Debug|Any CPU
		{EE131E02-BE4F-4640-835C-FF5786885B1F}.Debug|x64.Build.0 = Debug|Any CPU
		{EE131E02-BE4F-4640-835C-FF5786885B1F}.Debug|x64.Deploy.0 = Debug|Any CPU
		{EE131E02-BE4F-4640-835C-FF5786885B1F}.Debug64|Any CPU.ActiveCfg = Debug|Any CPU
		{EE131E02-BE4F-4640-835C-FF5786885B1F}.Debug64|Any CPU.Build.0 = Debug|Any CPU
		{EE131E02-BE4F-4640-835C-FF5786885B1F}.Debug64|Any CPU.Deploy.0 = Debug|Any CPU
		{EE131E02-BE4F-4640-835C-FF5786885B1F}.Debug64|x64.ActiveCfg = Debug|Any CPU
		{EE131E02-BE4F-4640-835C-FF5786885B1F}.Debug64|x64.Build.0 = Debug|Any CPU
		{EE131E02-BE4F-4640-835C-FF5786885B1F}.Debug64|x64.Deploy.0 = Debug|Any CPU
		{EE131E02-BE4F-4640-835C-FF5786885B1F}.Release|Any CPU.ActiveCfg = Release|Any CPU
		{EE131E02-BE4F-4640-835C-FF5786885B1F}.Release|Any CPU.Build.0 = Release|Any CPU
		{EE131E02-BE4F-4640-835C-FF5786885B1F}.Release|Any CPU.Deploy.0 = Release|Any CPU
		{EE131E02-BE4F-4640-835C-FF5786885B1F}.Release|x64.ActiveCfg = Release|Any CPU
		{EE131E02-BE4F-4640-835C-FF5786885B1F}.Release|x64.Build.0 = Release|Any CPU
		{EE131E02-BE4F-4640-835C-FF5786885B1F}.Release|x64.Deploy.0 = Release|Any CPU
		{635434D7-7597-4E87-A75F-F1ED5591AD4E}.Debug|Any CPU.ActiveCfg = Debug|Any CPU
		{635434D7-7597-4E87-A75F-F1ED5591AD4E}.Debug|Any CPU.Build.0 = Debug|Any CPU
		{635434D7-7597-4E87-A75F-F1ED5591AD4E}.Debug|x64.ActiveCfg = Debug|Any CPU
		{635434D7-7597-4E87-A75F-F1ED5591AD4E}.Debug|x64.Build.0 = Debug|Any CPU
		{635434D7-7597-4E87-A75F-F1ED5591AD4E}.Debug64|Any CPU.ActiveCfg = Debug|Any CPU
		{635434D7-7597-4E87-A75F-F1ED5591AD4E}.Debug64|Any CPU.Build.0 = Debug|Any CPU
		{635434D7-7597-4E87-A75F-F1ED5591AD4E}.Debug64|x64.ActiveCfg = Debug|Any CPU
		{635434D7-7597-4E87-A75F-F1ED5591AD4E}.Debug64|x64.Build.0 = Debug|Any CPU
		{635434D7-7597-4E87-A75F-F1ED5591AD4E}.Release|Any CPU.ActiveCfg = Release|Any CPU
		{635434D7-7597-4E87-A75F-F1ED5591AD4E}.Release|Any CPU.Build.0 = Release|Any CPU
		{635434D7-7597-4E87-A75F-F1ED5591AD4E}.Release|x64.ActiveCfg = Release|Any CPU
		{635434D7-7597-4E87-A75F-F1ED5591AD4E}.Release|x64.Build.0 = Release|Any CPU
		{1014719B-BD68-48DD-8946-A28008E6B134}.Debug|Any CPU.ActiveCfg = Debug|Any CPU
		{1014719B-BD68-48DD-8946-A28008E6B134}.Debug|Any CPU.Build.0 = Debug|Any CPU
		{1014719B-BD68-48DD-8946-A28008E6B134}.Debug|x64.ActiveCfg = Debug|Any CPU
		{1014719B-BD68-48DD-8946-A28008E6B134}.Debug|x64.Build.0 = Debug|Any CPU
		{1014719B-BD68-48DD-8946-A28008E6B134}.Debug64|Any CPU.ActiveCfg = Debug|Any CPU
		{1014719B-BD68-48DD-8946-A28008E6B134}.Debug64|Any CPU.Build.0 = Debug|Any CPU
		{1014719B-BD68-48DD-8946-A28008E6B134}.Debug64|x64.ActiveCfg = Debug|Any CPU
		{1014719B-BD68-48DD-8946-A28008E6B134}.Debug64|x64.Build.0 = Debug|Any CPU
		{1014719B-BD68-48DD-8946-A28008E6B134}.Release|Any CPU.ActiveCfg = Release|Any CPU
		{1014719B-BD68-48DD-8946-A28008E6B134}.Release|Any CPU.Build.0 = Release|Any CPU
		{1014719B-BD68-48DD-8946-A28008E6B134}.Release|x64.ActiveCfg = Release|Any CPU
		{1014719B-BD68-48DD-8946-A28008E6B134}.Release|x64.Build.0 = Release|Any CPU
		{95FC4540-E53F-4D31-A084-D4D2DAEF1C52}.Debug|Any CPU.ActiveCfg = Debug
		{95FC4540-E53F-4D31-A084-D4D2DAEF1C52}.Debug|x64.ActiveCfg = Debug
		{95FC4540-E53F-4D31-A084-D4D2DAEF1C52}.Debug64|Any CPU.ActiveCfg = Debug
		{95FC4540-E53F-4D31-A084-D4D2DAEF1C52}.Debug64|x64.ActiveCfg = Debug
		{95FC4540-E53F-4D31-A084-D4D2DAEF1C52}.Release|Any CPU.ActiveCfg = Release
		{95FC4540-E53F-4D31-A084-D4D2DAEF1C52}.Release|x64.ActiveCfg = Release
	EndGlobalSection
	GlobalSection(SolutionProperties) = preSolution
		HideSolutionNode = FALSE
	EndGlobalSection
	GlobalSection(NestedProjects) = preSolution
		{6583D9B9-FD00-4685-9505-075BF010D2F9} = {D0F6CC98-641D-4869-86F7-926A1D6CBF83}
		{3797C34F-388A-4454-A56C-EAD0C00166B9} = {A627B454-E3AD-40FE-A171-03D5271C7C13}
		{F058EBC7-F452-4E36-9C75-14FEE97643AF} = {E2495CD8-FD4C-4A20-AAC3-B29260B9C97B}
		{8EF23D01-2FE2-407E-862A-EAB3F0163A9C} = {D0F6CC98-641D-4869-86F7-926A1D6CBF83}
		{2631F384-A3C2-4A93-B89E-D1DF45E806D2} = {A627B454-E3AD-40FE-A171-03D5271C7C13}
		{31A079A7-5ABA-406A-8D9D-1960F366358B} = {A627B454-E3AD-40FE-A171-03D5271C7C13}
		{7206AB4C-71B7-4B98-B11A-A5D1E254989C} = {A627B454-E3AD-40FE-A171-03D5271C7C13}
		{D81F5C91-D7DB-46E5-BC99-49488FB6814C} = {7206AB4C-71B7-4B98-B11A-A5D1E254989C}
		{234E7813-512E-4BEE-9AE3-D496FBFDBDFC} = {E2495CD8-FD4C-4A20-AAC3-B29260B9C97B}
		{E0BC327D-F30B-4435-BD59-855458DD2ACF} = {D0F6CC98-641D-4869-86F7-926A1D6CBF83}
		{76BBF526-5C18-42F5-810C-9E9BD81EC64E} = {D0F6CC98-641D-4869-86F7-926A1D6CBF83}
		{F8ED608D-896F-44AF-A143-70F3E1E63CC6} = {A627B454-E3AD-40FE-A171-03D5271C7C13}
		{2198F00A-7561-4950-AD48-4727F89F3C9A} = {E2495CD8-FD4C-4A20-AAC3-B29260B9C97B}
		{57CE7FB6-C60E-4BC2-B46D-025545F8EB00} = {66B2E9E9-3204-49B9-A4B0-751C62E68129}
		{22F66C78-6203-4535-850D-C43C37D0E8B9} = {A627B454-E3AD-40FE-A171-03D5271C7C13}
		{251C7303-FEC1-490C-98C8-848CB0BA165D} = {A627B454-E3AD-40FE-A171-03D5271C7C13}
		{3AC90AD8-4FA5-4CDD-B32C-CEF08E0E48E6} = {A627B454-E3AD-40FE-A171-03D5271C7C13}
		{7B0B8F8D-81DA-4A66-9A1F-0714D24E5B8F} = {D0F6CC98-641D-4869-86F7-926A1D6CBF83}
		{EE131E02-BE4F-4640-835C-FF5786885B1F} = {D0F6CC98-641D-4869-86F7-926A1D6CBF83}
		{635434D7-7597-4E87-A75F-F1ED5591AD4E} = {A627B454-E3AD-40FE-A171-03D5271C7C13}
		{1014719B-BD68-48DD-8946-A28008E6B134} = {66B2E9E9-3204-49B9-A4B0-751C62E68129}
		{95FC4540-E53F-4D31-A084-D4D2DAEF1C52} = {2953A260-D103-4A74-9355-6310EE294337}
	EndGlobalSection
	GlobalSection(ExtensibilityGlobals) = postSolution
		SolutionGuid = {E28ECF02-2FDF-4725-97EE-EE32038B7B50}
	EndGlobalSection
EndGlobal
